
Microsoft Visual Studio Solution File, Format Version 12.00
# Visual Studio Version 16
VisualStudioVersion = 16.0.31624.102
MinimumVisualStudioVersion = 10.0.40219.1
Project("{2150E333-8FDC-42A3-9474-1A3956D46DE8}") = "Unidad2", "Unidad2", "{6AB002AC-3592-4153-AD45-7B4028DBF0B2}"
EndProject
Project("{9A19103F-16F7-4668-BE54-9A1E7A4F7556}") = "Act2PresidenteMexico", "Act2PresidenteMexico\Act2PresidenteMexico.csproj", "{F5EAB129-709F-4098-A844-AD083851B474}"
EndProject
Project("{9A19103F-16F7-4668-BE54-9A1E7A4F7556}") = "Act3MapCurricular", "Act3MapCurricular\Act3MapCurricular.csproj", "{B3B9EDE2-D395-4AD3-9B5F-EE70BD63C214}"
EndProject
Project("{9A19103F-16F7-4668-BE54-9A1E7A4F7556}") = "Act4Disneypixar", "Act4Disneypixar\Act4Disneypixar.csproj", "{F45374D0-B498-429E-9102-3E97315D075C}"
EndProject
Project("{9A19103F-16F7-4668-BE54-9A1E7A4F7556}") = "Act5SweetBakery", "Act5SweetBakery\Act5SweetBakery.csproj", "{1BD71537-F41C-47FB-A4B3-5EF7AB9BD714}"
EndProject
Project("{2150E333-8FDC-42A3-9474-1A3956D46DE8}") = "Unidad3", "Unidad3", "{B36FD7EE-3CC3-45DF-BE26-5AEF5DC2CB64}"
EndProject
Project("{FAE04EC0-301F-11D3-BF4B-00C04F79EFBC}") = "Act1EstadosMexico", "Act1EstadosMexico\Act1EstadosMexico.csproj", "{6D26F378-8361-4D4D-96E4-64C2E654753E}"
EndProject
Global
	GlobalSection(SolutionConfigurationPlatforms) = preSolution
		Debug|Any CPU = Debug|Any CPU
		Release|Any CPU = Release|Any CPU
	EndGlobalSection
	GlobalSection(ProjectConfigurationPlatforms) = postSolution
		{F5EAB129-709F-4098-A844-AD083851B474}.Debug|Any CPU.ActiveCfg = Debug|Any CPU
		{F5EAB129-709F-4098-A844-AD083851B474}.Debug|Any CPU.Build.0 = Debug|Any CPU
		{F5EAB129-709F-4098-A844-AD083851B474}.Release|Any CPU.ActiveCfg = Release|Any CPU
		{F5EAB129-709F-4098-A844-AD083851B474}.Release|Any CPU.Build.0 = Release|Any CPU
		{B3B9EDE2-D395-4AD3-9B5F-EE70BD63C214}.Debug|Any CPU.ActiveCfg = Debug|Any CPU
		{B3B9EDE2-D395-4AD3-9B5F-EE70BD63C214}.Debug|Any CPU.Build.0 = Debug|Any CPU
		{B3B9EDE2-D395-4AD3-9B5F-EE70BD63C214}.Release|Any CPU.ActiveCfg = Release|Any CPU
		{B3B9EDE2-D395-4AD3-9B5F-EE70BD63C214}.Release|Any CPU.Build.0 = Release|Any CPU
		{F45374D0-B498-429E-9102-3E97315D075C}.Debug|Any CPU.ActiveCfg = Debug|Any CPU
		{F45374D0-B498-429E-9102-3E97315D075C}.Debug|Any CPU.Build.0 = Debug|Any CPU
		{F45374D0-B498-429E-9102-3E97315D075C}.Release|Any CPU.ActiveCfg = Release|Any CPU
		{F45374D0-B498-429E-9102-3E97315D075C}.Release|Any CPU.Build.0 = Release|Any CPU
		{1BD71537-F41C-47FB-A4B3-5EF7AB9BD714}.Debug|Any CPU.ActiveCfg = Debug|Any CPU
		{1BD71537-F41C-47FB-A4B3-5EF7AB9BD714}.Debug|Any CPU.Build.0 = Debug|Any CPU
		{1BD71537-F41C-47FB-A4B3-5EF7AB9BD714}.Release|Any CPU.ActiveCfg = Release|Any CPU
		{1BD71537-F41C-47FB-A4B3-5EF7AB9BD714}.Release|Any CPU.Build.0 = Release|Any CPU
		{6D26F378-8361-4D4D-96E4-64C2E654753E}.Debug|Any CPU.ActiveCfg = Debug|Any CPU
		{6D26F378-8361-4D4D-96E4-64C2E654753E}.Debug|Any CPU.Build.0 = Debug|Any CPU
		{6D26F378-8361-4D4D-96E4-64C2E654753E}.Release|Any CPU.ActiveCfg = Release|Any CPU
		{6D26F378-8361-4D4D-96E4-64C2E654753E}.Release|Any CPU.Build.0 = Release|Any CPU
	EndGlobalSection
	GlobalSection(SolutionProperties) = preSolution
		HideSolutionNode = FALSE
	EndGlobalSection
	GlobalSection(NestedProjects) = preSolution
		{F5EAB129-709F-4098-A844-AD083851B474} = {6AB002AC-3592-4153-AD45-7B4028DBF0B2}
		{B3B9EDE2-D395-4AD3-9B5F-EE70BD63C214} = {6AB002AC-3592-4153-AD45-7B4028DBF0B2}
		{F45374D0-B498-429E-9102-3E97315D075C} = {6AB002AC-3592-4153-AD45-7B4028DBF0B2}
		{1BD71537-F41C-47FB-A4B3-5EF7AB9BD714} = {6AB002AC-3592-4153-AD45-7B4028DBF0B2}
		{6D26F378-8361-4D4D-96E4-64C2E654753E} = {6AB002AC-3592-4153-AD45-7B4028DBF0B2}
	EndGlobalSection
	GlobalSection(ExtensibilityGlobals) = postSolution
		SolutionGuid = {42FEBC23-3724-41E8-B3C6-F582EF394553}
	EndGlobalSection
EndGlobal
